
Microsoft Visual Studio Solution File, Format Version 12.00
# Visual Studio Version 16
VisualStudioVersion = 16.0.28902.138
MinimumVisualStudioVersion = 10.0.40219.1
Project("{2150E333-8FDC-42A3-9474-1A3956D46DE8}") = "Presentation", "Presentation", "{FD3510E1-9077-4C09-ADE2-01BCF10D9F11}"
EndProject
Project("{2150E333-8FDC-42A3-9474-1A3956D46DE8}") = "Core", "Core", "{2F56FEB5-D386-4333-9DBB-E24BEE6230D1}"
EndProject
Project("{9A19103F-16F7-4668-BE54-9A1E7A4F7556}") = "MessageService.Impl", "Core\Application\MessageService.Impl\MessageService.Impl.csproj", "{8034D06C-5458-4E6E-B584-F5FA63C0F144}"
EndProject
Project("{9A19103F-16F7-4668-BE54-9A1E7A4F7556}") = "MessageManagement.Interfaces", "Core\Domain\MessageManagement\MessageManagement.Interfaces.csproj", "{D700806F-77BE-41E4-BA6F-A57CB490AD8F}"
EndProject
Project("{2150E333-8FDC-42A3-9474-1A3956D46DE8}") = "Application", "Application", "{92BCA25F-19E9-47DF-8CC8-1864DDDD5370}"
EndProject
Project("{9A19103F-16F7-4668-BE54-9A1E7A4F7556}") = "MessageService.Interfaces", "Core\Application\MessageService.Interfaces\MessageService.Interfaces.csproj", "{D6381370-DB32-4F7E-90E5-AB2C9F82B92A}"
EndProject
Project("{2150E333-8FDC-42A3-9474-1A3956D46DE8}") = "Domain", "Domain", "{D78F1D8E-6543-4448-88D3-90F9356CF5FC}"
EndProject
Project("{2150E333-8FDC-42A3-9474-1A3956D46DE8}") = "Infrastructure", "Infrastructure", "{C96179D7-C8CB-429D-BFA9-4D746E47AF7D}"
EndProject
Project("{9A19103F-16F7-4668-BE54-9A1E7A4F7556}") = "MessageInfrastructure", "Infrastructure\MessageInfrastructure\MessageInfrastructure.csproj", "{D6D3024F-5CBB-458D-AEAE-D2C7EB5530B8}"
EndProject
Project("{2150E333-8FDC-42A3-9474-1A3956D46DE8}") = "Solution Items", "Solution Items", "{FC6F62AA-B757-4B18-B8CA-EBBCE75CFA64}"
	ProjectSection(SolutionItems) = preProject
		Core\Domain\MessageManagement\.gitignore = Core\Domain\MessageManagement\.gitignore
		README.md = README.md
	EndProjectSection
EndProject
Project("{9A19103F-16F7-4668-BE54-9A1E7A4F7556}") = "MessageAPI", "Presentation\MessageAPI\MessageAPI.csproj", "{94AAF811-4DDD-4C88-9552-E4DFD9E67C6B}"
EndProject
Project("{FAE04EC0-301F-11D3-BF4B-00C04F79EFBC}") = "MessageGUI", "Presentation\MessageGUI\MessageGUI.csproj", "{96AC0678-1DCD-40DE-8B31-F66374A51696}"
EndProject
Global
	GlobalSection(SolutionConfigurationPlatforms) = preSolution
		Debug|Any CPU = Debug|Any CPU
		Release|Any CPU = Release|Any CPU
	EndGlobalSection
	GlobalSection(ProjectConfigurationPlatforms) = postSolution
		{8034D06C-5458-4E6E-B584-F5FA63C0F144}.Debug|Any CPU.ActiveCfg = Debug|Any CPU
		{8034D06C-5458-4E6E-B584-F5FA63C0F144}.Debug|Any CPU.Build.0 = Debug|Any CPU
		{8034D06C-5458-4E6E-B584-F5FA63C0F144}.Release|Any CPU.ActiveCfg = Release|Any CPU
		{8034D06C-5458-4E6E-B584-F5FA63C0F144}.Release|Any CPU.Build.0 = Release|Any CPU
		{D700806F-77BE-41E4-BA6F-A57CB490AD8F}.Debug|Any CPU.ActiveCfg = Debug|Any CPU
		{D700806F-77BE-41E4-BA6F-A57CB490AD8F}.Debug|Any CPU.Build.0 = Debug|Any CPU
		{D700806F-77BE-41E4-BA6F-A57CB490AD8F}.Release|Any CPU.ActiveCfg = Release|Any CPU
		{D700806F-77BE-41E4-BA6F-A57CB490AD8F}.Release|Any CPU.Build.0 = Release|Any CPU
		{D6381370-DB32-4F7E-90E5-AB2C9F82B92A}.Debug|Any CPU.ActiveCfg = Debug|Any CPU
		{D6381370-DB32-4F7E-90E5-AB2C9F82B92A}.Debug|Any CPU.Build.0 = Debug|Any CPU
		{D6381370-DB32-4F7E-90E5-AB2C9F82B92A}.Release|Any CPU.ActiveCfg = Release|Any CPU
		{D6381370-DB32-4F7E-90E5-AB2C9F82B92A}.Release|Any CPU.Build.0 = Release|Any CPU
		{D6D3024F-5CBB-458D-AEAE-D2C7EB5530B8}.Debug|Any CPU.ActiveCfg = Debug|Any CPU
		{D6D3024F-5CBB-458D-AEAE-D2C7EB5530B8}.Debug|Any CPU.Build.0 = Debug|Any CPU
		{D6D3024F-5CBB-458D-AEAE-D2C7EB5530B8}.Release|Any CPU.ActiveCfg = Release|Any CPU
		{D6D3024F-5CBB-458D-AEAE-D2C7EB5530B8}.Release|Any CPU.Build.0 = Release|Any CPU
		{94AAF811-4DDD-4C88-9552-E4DFD9E67C6B}.Debug|Any CPU.ActiveCfg = Debug|Any CPU
		{94AAF811-4DDD-4C88-9552-E4DFD9E67C6B}.Debug|Any CPU.Build.0 = Debug|Any CPU
		{94AAF811-4DDD-4C88-9552-E4DFD9E67C6B}.Release|Any CPU.ActiveCfg = Release|Any CPU
		{94AAF811-4DDD-4C88-9552-E4DFD9E67C6B}.Release|Any CPU.Build.0 = Release|Any CPU
		{96AC0678-1DCD-40DE-8B31-F66374A51696}.Debug|Any CPU.ActiveCfg = Debug|Any CPU
		{96AC0678-1DCD-40DE-8B31-F66374A51696}.Debug|Any CPU.Build.0 = Debug|Any CPU
		{96AC0678-1DCD-40DE-8B31-F66374A51696}.Release|Any CPU.ActiveCfg = Release|Any CPU
		{96AC0678-1DCD-40DE-8B31-F66374A51696}.Release|Any CPU.Build.0 = Release|Any CPU
	EndGlobalSection
	GlobalSection(SolutionProperties) = preSolution
		HideSolutionNode = FALSE
	EndGlobalSection
	GlobalSection(NestedProjects) = preSolution
		{8034D06C-5458-4E6E-B584-F5FA63C0F144} = {92BCA25F-19E9-47DF-8CC8-1864DDDD5370}
		{D700806F-77BE-41E4-BA6F-A57CB490AD8F} = {D78F1D8E-6543-4448-88D3-90F9356CF5FC}
		{92BCA25F-19E9-47DF-8CC8-1864DDDD5370} = {2F56FEB5-D386-4333-9DBB-E24BEE6230D1}
		{D6381370-DB32-4F7E-90E5-AB2C9F82B92A} = {92BCA25F-19E9-47DF-8CC8-1864DDDD5370}
		{D78F1D8E-6543-4448-88D3-90F9356CF5FC} = {2F56FEB5-D386-4333-9DBB-E24BEE6230D1}
		{D6D3024F-5CBB-458D-AEAE-D2C7EB5530B8} = {C96179D7-C8CB-429D-BFA9-4D746E47AF7D}
		{94AAF811-4DDD-4C88-9552-E4DFD9E67C6B} = {FD3510E1-9077-4C09-ADE2-01BCF10D9F11}
		{96AC0678-1DCD-40DE-8B31-F66374A51696} = {FD3510E1-9077-4C09-ADE2-01BCF10D9F11}
	EndGlobalSection
	GlobalSection(ExtensibilityGlobals) = postSolution
		SolutionGuid = {2CB41EE6-4774-483E-A9A7-E2FD906A8048}
	EndGlobalSection
EndGlobal
